
Microsoft Visual Studio Solution File, Format Version 12.00
# Visual Studio 2012
Project("{FAE04EC0-301F-11D3-BF4B-00C04F79EFBC}") = "MasterShop20.Website", "Source\MasterShop20.Website\MasterShop20.Website.csproj", "{948C42E8-1E8A-46D6-A5F8-8AE9DB31F21B}"
EndProject
Project("{FAE04EC0-301F-11D3-BF4B-00C04F79EFBC}") = "MasterShop20.GetDataTool", "Source\MasterShop20.GetDataTool\MasterShop20.GetDataTool.csproj", "{16343E80-7B66-46EB-A93D-46DCE57E52DD}"
EndProject
Project("{2150E333-8FDC-42A3-9474-1A3956D46DE8}") = ".nuget", ".nuget", "{99A83700-E724-4E26-85CA-EAF0D4941C57}"
	ProjectSection(SolutionItems) = preProject
		.nuget\NuGet.Config = .nuget\NuGet.Config
		.nuget\NuGet.exe = .nuget\NuGet.exe
		.nuget\NuGet.targets = .nuget\NuGet.targets
	EndProjectSection
EndProject
Project("{FAE04EC0-301F-11D3-BF4B-00C04F79EFBC}") = "MasterShop20.DbDataTool", "Source\MasterShop20.DbDataTool\MasterShop20.DbDataTool.csproj", "{D8D7D507-391E-4B4A-A141-2300631751EB}"
EndProject
Global
	GlobalSection(SolutionConfigurationPlatforms) = preSolution
		Debug|Any CPU = Debug|Any CPU
		Release|Any CPU = Release|Any CPU
	EndGlobalSection
	GlobalSection(ProjectConfigurationPlatforms) = postSolution
		{948C42E8-1E8A-46D6-A5F8-8AE9DB31F21B}.Debug|Any CPU.ActiveCfg = Debug|Any CPU
		{948C42E8-1E8A-46D6-A5F8-8AE9DB31F21B}.Debug|Any CPU.Build.0 = Debug|Any CPU
		{948C42E8-1E8A-46D6-A5F8-8AE9DB31F21B}.Release|Any CPU.ActiveCfg = Release|Any CPU
		{948C42E8-1E8A-46D6-A5F8-8AE9DB31F21B}.Release|Any CPU.Build.0 = Release|Any CPU
		{16343E80-7B66-46EB-A93D-46DCE57E52DD}.Debug|Any CPU.ActiveCfg = Debug|Any CPU
		{16343E80-7B66-46EB-A93D-46DCE57E52DD}.Debug|Any CPU.Build.0 = Debug|Any CPU
		{16343E80-7B66-46EB-A93D-46DCE57E52DD}.Release|Any CPU.ActiveCfg = Release|Any CPU
		{16343E80-7B66-46EB-A93D-46DCE57E52DD}.Release|Any CPU.Build.0 = Release|Any CPU
		{D8D7D507-391E-4B4A-A141-2300631751EB}.Debug|Any CPU.ActiveCfg = Debug|Any CPU
		{D8D7D507-391E-4B4A-A141-2300631751EB}.Debug|Any CPU.Build.0 = Debug|Any CPU
		{D8D7D507-391E-4B4A-A141-2300631751EB}.Release|Any CPU.ActiveCfg = Release|Any CPU
		{D8D7D507-391E-4B4A-A141-2300631751EB}.Release|Any CPU.Build.0 = Release|Any CPU
	EndGlobalSection
	GlobalSection(SolutionProperties) = preSolution
		HideSolutionNode = FALSE
	EndGlobalSection
EndGlobal
